
Microsoft Visual Studio Solution File, Format Version 11.00
# Visual Studio 2010
Project("{FAE04EC0-301F-11D3-BF4B-00C04F79EFBC}") = "Assembly-CSharp", "Assembly-CSharp.csproj", "{C1211D8F-3635-AA93-5E13-B873AD955894}"
EndProject
Project("{FAE04EC0-301F-11D3-BF4B-00C04F79EFBC}") = "Assembly-CSharp-Editor", "Assembly-CSharp-Editor.csproj", "{4D0D818F-4FBA-D91A-4714-E199DDEE5CEC}"
EndProject
Global
	GlobalSection(SolutionConfigurationPlatforms) = preSolution
		Debug|Any CPU = Debug|Any CPU
		Release|Any CPU = Release|Any CPU
	EndGlobalSection
	GlobalSection(ProjectConfigurationPlatforms) = postSolution
		{C1211D8F-3635-AA93-5E13-B873AD955894}.Debug|Any CPU.ActiveCfg = Debug|Any CPU
		{C1211D8F-3635-AA93-5E13-B873AD955894}.Debug|Any CPU.Build.0 = Debug|Any CPU
		{C1211D8F-3635-AA93-5E13-B873AD955894}.Release|Any CPU.ActiveCfg = Release|Any CPU
		{C1211D8F-3635-AA93-5E13-B873AD955894}.Release|Any CPU.Build.0 = Release|Any CPU
		{4D0D818F-4FBA-D91A-4714-E199DDEE5CEC}.Debug|Any CPU.ActiveCfg = Debug|Any CPU
		{4D0D818F-4FBA-D91A-4714-E199DDEE5CEC}.Debug|Any CPU.Build.0 = Debug|Any CPU
		{4D0D818F-4FBA-D91A-4714-E199DDEE5CEC}.Release|Any CPU.ActiveCfg = Release|Any CPU
		{4D0D818F-4FBA-D91A-4714-E199DDEE5CEC}.Release|Any CPU.Build.0 = Release|Any CPU
	EndGlobalSection
	GlobalSection(SolutionProperties) = preSolution
		HideSolutionNode = FALSE
	EndGlobalSection
	GlobalSection(MonoDevelopProperties) = preSolution
		StartupItem = Assembly-CSharp.csproj
	EndGlobalSection
EndGlobal
